
Microsoft Visual Studio Solution File, Format Version 12.00
# Visual Studio Version 16
VisualStudioVersion = 16.0.30717.126
MinimumVisualStudioVersion = 10.0.40219.1
Project("{FAE04EC0-301F-11D3-BF4B-00C04F79EFBC}") = "CrudCSharp", "CrudCSharp.csproj", "{64ED28B2-FEA8-4DB4-A1E2-462467E8604D}"
EndProject
Global
	GlobalSection(SolutionConfigurationPlatforms) = preSolution
		Debug|Any CPU = Debug|Any CPU
		Release|Any CPU = Release|Any CPU
	EndGlobalSection
	GlobalSection(ProjectConfigurationPlatforms) = postSolution
		{64ED28B2-FEA8-4DB4-A1E2-462467E8604D}.Debug|Any CPU.ActiveCfg = Debug|Any CPU
		{64ED28B2-FEA8-4DB4-A1E2-462467E8604D}.Debug|Any CPU.Build.0 = Debug|Any CPU
		{64ED28B2-FEA8-4DB4-A1E2-462467E8604D}.Release|Any CPU.ActiveCfg = Release|Any CPU
		{64ED28B2-FEA8-4DB4-A1E2-462467E8604D}.Release|Any CPU.Build.0 = Release|Any CPU
	EndGlobalSection
	GlobalSection(SolutionProperties) = preSolution
		HideSolutionNode = FALSE
	EndGlobalSection
	GlobalSection(ExtensibilityGlobals) = postSolution
		SolutionGuid = {3EE4ECEE-C20A-43CB-8CDE-856966066D34}
	EndGlobalSection
EndGlobal
